
Microsoft Visual Studio Solution File, Format Version 12.00
# Visual Studio 15
VisualStudioVersion = 15.0.27428.2015
MinimumVisualStudioVersion = 10.0.40219.1
Project("{6870E480-7721-4708-BFB8-9AE898AA21B3}") = "TabularProcessing_Demo_ProcessDefault", "TabularProcessing_Demo_ProcessDefault\TabularProcessing_Demo_ProcessDefault.smproj", "{8CE414BB-95B2-4C99-9E03-51BA72086E22}"
EndProject
Project("{6870E480-7721-4708-BFB8-9AE898AA21B3}") = "TabularProcessing_Demo_ProcessRecalc", "TabularProcessing_Demo_ProcessRecalc\TabularProcessing_Demo_ProcessRecalc.smproj", "{53504A91-27A6-4D87-AB4A-BD226460F1FF}"
EndProject
Global
	GlobalSection(SolutionConfigurationPlatforms) = preSolution
		Development|x86 = Development|x86
	EndGlobalSection
	GlobalSection(ProjectConfigurationPlatforms) = postSolution
		{8CE414BB-95B2-4C99-9E03-51BA72086E22}.Development|x86.ActiveCfg = Development|x86
		{8CE414BB-95B2-4C99-9E03-51BA72086E22}.Development|x86.Build.0 = Development|x86
		{8CE414BB-95B2-4C99-9E03-51BA72086E22}.Development|x86.Deploy.0 = Development|x86
		{53504A91-27A6-4D87-AB4A-BD226460F1FF}.Development|x86.ActiveCfg = Development|x86
		{53504A91-27A6-4D87-AB4A-BD226460F1FF}.Development|x86.Build.0 = Development|x86
		{53504A91-27A6-4D87-AB4A-BD226460F1FF}.Development|x86.Deploy.0 = Development|x86
	EndGlobalSection
	GlobalSection(SolutionProperties) = preSolution
		HideSolutionNode = FALSE
	EndGlobalSection
	GlobalSection(ExtensibilityGlobals) = postSolution
		SolutionGuid = {EF5EC22B-9087-4481-B612-93FD16756D06}
	EndGlobalSection
EndGlobal
